
Microsoft Visual Studio Solution File, Format Version 12.00
# Visual Studio Version 17
VisualStudioVersion = 17.3.32825.248
MinimumVisualStudioVersion = 10.0.40219.1
Project("{FAE04EC0-301F-11D3-BF4B-00C04F79EFBC}") = "Assignment2_Ka-Hang_Chan", "Assignment2_Ka-Hang_Chan\Assignment2_Ka-Hang_Chan.csproj", "{6C7FA5C7-BFE3-46E7-92E1-C4499FB916B9}"
EndProject
Global
	GlobalSection(SolutionConfigurationPlatforms) = preSolution
		Debug|Any CPU = Debug|Any CPU
		Release|Any CPU = Release|Any CPU
	EndGlobalSection
	GlobalSection(ProjectConfigurationPlatforms) = postSolution
		{6C7FA5C7-BFE3-46E7-92E1-C4499FB916B9}.Debug|Any CPU.ActiveCfg = Debug|Any CPU
		{6C7FA5C7-BFE3-46E7-92E1-C4499FB916B9}.Debug|Any CPU.Build.0 = Debug|Any CPU
		{6C7FA5C7-BFE3-46E7-92E1-C4499FB916B9}.Release|Any CPU.ActiveCfg = Release|Any CPU
		{6C7FA5C7-BFE3-46E7-92E1-C4499FB916B9}.Release|Any CPU.Build.0 = Release|Any CPU
	EndGlobalSection
	GlobalSection(SolutionProperties) = preSolution
		HideSolutionNode = FALSE
	EndGlobalSection
	GlobalSection(ExtensibilityGlobals) = postSolution
		SolutionGuid = {01029995-6718-442B-82C0-6B32C0FFC30F}
	EndGlobalSection
EndGlobal
