
Microsoft Visual Studio Solution File, Format Version 12.00
# Visual Studio Version 17
VisualStudioVersion = 17.3.32825.248
MinimumVisualStudioVersion = 10.0.40219.1
Project("{FAE04EC0-301F-11D3-BF4B-00C04F79EFBC}") = "Assignment1_Ka-Hang_Chan", "Assignment1_Ka-Hang_Chan\Assignment1_Ka-Hang_Chan.csproj", "{ACA01F00-6BF3-4E62-97AE-DCA2733B1611}"
EndProject
Global
	GlobalSection(SolutionConfigurationPlatforms) = preSolution
		Debug|Any CPU = Debug|Any CPU
		Release|Any CPU = Release|Any CPU
	EndGlobalSection
	GlobalSection(ProjectConfigurationPlatforms) = postSolution
		{ACA01F00-6BF3-4E62-97AE-DCA2733B1611}.Debug|Any CPU.ActiveCfg = Debug|Any CPU
		{ACA01F00-6BF3-4E62-97AE-DCA2733B1611}.Debug|Any CPU.Build.0 = Debug|Any CPU
		{ACA01F00-6BF3-4E62-97AE-DCA2733B1611}.Release|Any CPU.ActiveCfg = Release|Any CPU
		{ACA01F00-6BF3-4E62-97AE-DCA2733B1611}.Release|Any CPU.Build.0 = Release|Any CPU
	EndGlobalSection
	GlobalSection(SolutionProperties) = preSolution
		HideSolutionNode = FALSE
	EndGlobalSection
	GlobalSection(ExtensibilityGlobals) = postSolution
		SolutionGuid = {9A39EE4F-DC93-46A4-9501-1868F3FC35C0}
	EndGlobalSection
EndGlobal
