
Microsoft Visual Studio Solution File, Format Version 12.00
# Visual Studio Version 17
VisualStudioVersion = 17.3.32825.248
MinimumVisualStudioVersion = 10.0.40219.1
Project("{FAE04EC0-301F-11D3-BF4B-00C04F79EFBC}") = "LunchOrder_Ka-Hang_Chan", "LunchOrder_Ka-Hang_Chan\LunchOrder_Ka-Hang_Chan.csproj", "{844D5AA2-78AF-45AE-84CA-51BBA0C0FBAE}"
EndProject
Global
	GlobalSection(SolutionConfigurationPlatforms) = preSolution
		Debug|Any CPU = Debug|Any CPU
		Release|Any CPU = Release|Any CPU
	EndGlobalSection
	GlobalSection(ProjectConfigurationPlatforms) = postSolution
		{844D5AA2-78AF-45AE-84CA-51BBA0C0FBAE}.Debug|Any CPU.ActiveCfg = Debug|Any CPU
		{844D5AA2-78AF-45AE-84CA-51BBA0C0FBAE}.Debug|Any CPU.Build.0 = Debug|Any CPU
		{844D5AA2-78AF-45AE-84CA-51BBA0C0FBAE}.Release|Any CPU.ActiveCfg = Release|Any CPU
		{844D5AA2-78AF-45AE-84CA-51BBA0C0FBAE}.Release|Any CPU.Build.0 = Release|Any CPU
	EndGlobalSection
	GlobalSection(SolutionProperties) = preSolution
		HideSolutionNode = FALSE
	EndGlobalSection
	GlobalSection(ExtensibilityGlobals) = postSolution
		SolutionGuid = {5861E447-CA64-4395-90F3-974E8DD3EEF3}
	EndGlobalSection
EndGlobal
